# This file is automatically @generated by Cargo.
# It is not intended for manual editing.
version = 4

[[package]]
name = "control"
version = "0.1.0"
dependencies = [
 "domain",
 "ports",
]

[[package]]
name = "controller"
version = "0.1.0"
dependencies = [
 "control",
 "domain",
 "runtime",
 "testkit",
]

[[package]]
name = "domain"
version = "0.1.0"

[[package]]
name = "ports"
version = "0.1.0"
dependencies = [
 "domain",
]

[[package]]
name = "runtime"
version = "0.1.0"
dependencies = [
 "domain",
 "ports",
]

[[package]]
name = "testkit"
version = "0.1.0"
dependencies = [
 "domain",
 "ports",
]
